{
  "name": "@typedly/callback",
  "version": "1.0.0-beta.2",
  "lockfileVersion": 3,
  "requires": true,
  "packages": {
    "": {
      "name": "@typedly/callback",
      "version": "1.0.0-beta.2",
      "funding": [
        {
          "type": "stripe",
          "url": "https://donate.stripe.com/dR614hfDZcJE3wAcMM"
        },
        {
          "type": "revolut",
          "url": "https://checkout.revolut.com/pay/048b10a3-0e10-42c8-a917-e3e9cb4c8e29"
        }
      ],
      "license": "MIT",
      "devDependencies": {
        "@typedly/context": "^1.0.0",
        "@typedly/payload": "^1.0.0"
      }
    },
    "node_modules/@typedly/context": {
      "version": "1.0.0",
      "resolved": "https://registry.npmjs.org/@typedly/context/-/context-1.0.0.tgz",
      "integrity": "sha512-kseYS/px9tPyrrZgzIGUeXoK8yt8y6+8WYv4mUJnNmH1Rv2a7Q5ienz6kPyXvLKVQ9RpWbNIPUw+WEudRiuTPA==",
      "dev": true,
      "funding": [
        {
          "type": "stripe",
          "url": "https://donate.stripe.com/dR614hfDZcJE3wAcMM"
        },
        {
          "type": "revolut",
          "url": "https://checkout.revolut.com/pay/048b10a3-0e10-42c8-a917-e3e9cb4c8e29"
        }
      ],
      "license": "MIT"
    },
    "node_modules/@typedly/payload": {
      "version": "1.0.0",
      "resolved": "https://registry.npmjs.org/@typedly/payload/-/payload-1.0.0.tgz",
      "integrity": "sha512-pZiZxG44VX3ES0c5yIWbLegAt+VH0q/+mnzu0DntAiYfbLnMuJuOYmkHlD9XoErrMOLtmaHI3ZTQPgwEOxCzrQ==",
      "dev": true,
      "funding": [
        {
          "type": "stripe",
          "url": "https://donate.stripe.com/dR614hfDZcJE3wAcMM"
        },
        {
          "type": "revolut",
          "url": "https://checkout.revolut.com/pay/048b10a3-0e10-42c8-a917-e3e9cb4c8e29"
        }
      ],
      "license": "MIT"
    }
  }
}
